
Microsoft Visual Studio Solution File, Format Version 12.00
# Visual Studio Version 16
VisualStudioVersion = 16.0.33130.400
MinimumVisualStudioVersion = 10.0.40219.1
Project("{FAE04EC0-301F-11D3-BF4B-00C04F79EFBC}") = "Assignment-1_5", "Assignment-1_5\Assignment-1_5.csproj", "{755338FA-3539-4E12-A4CB-AA715F08BDDA}"
EndProject
Global
	GlobalSection(SolutionConfigurationPlatforms) = preSolution
		Debug|Any CPU = Debug|Any CPU
		Release|Any CPU = Release|Any CPU
	EndGlobalSection
	GlobalSection(ProjectConfigurationPlatforms) = postSolution
		{755338FA-3539-4E12-A4CB-AA715F08BDDA}.Debug|Any CPU.ActiveCfg = Debug|Any CPU
		{755338FA-3539-4E12-A4CB-AA715F08BDDA}.Debug|Any CPU.Build.0 = Debug|Any CPU
		{755338FA-3539-4E12-A4CB-AA715F08BDDA}.Release|Any CPU.ActiveCfg = Release|Any CPU
		{755338FA-3539-4E12-A4CB-AA715F08BDDA}.Release|Any CPU.Build.0 = Release|Any CPU
	EndGlobalSection
	GlobalSection(SolutionProperties) = preSolution
		HideSolutionNode = FALSE
	EndGlobalSection
	GlobalSection(ExtensibilityGlobals) = postSolution
		SolutionGuid = {1CA82512-D7FF-480F-8966-65D60E10424B}
	EndGlobalSection
EndGlobal
