
Microsoft Visual Studio Solution File, Format Version 12.00
# Visual Studio Version 16
VisualStudioVersion = 16.0.33130.400
MinimumVisualStudioVersion = 10.0.40219.1
Project("{FAE04EC0-301F-11D3-BF4B-00C04F79EFBC}") = "AssignmentNo-7_4", "AssignmentNo-7_4\AssignmentNo-7_4.csproj", "{AF641735-2C87-4AFF-AD57-E5BB72F73BB6}"
EndProject
Global
	GlobalSection(SolutionConfigurationPlatforms) = preSolution
		Debug|Any CPU = Debug|Any CPU
		Release|Any CPU = Release|Any CPU
	EndGlobalSection
	GlobalSection(ProjectConfigurationPlatforms) = postSolution
		{AF641735-2C87-4AFF-AD57-E5BB72F73BB6}.Debug|Any CPU.ActiveCfg = Debug|Any CPU
		{AF641735-2C87-4AFF-AD57-E5BB72F73BB6}.Debug|Any CPU.Build.0 = Debug|Any CPU
		{AF641735-2C87-4AFF-AD57-E5BB72F73BB6}.Release|Any CPU.ActiveCfg = Release|Any CPU
		{AF641735-2C87-4AFF-AD57-E5BB72F73BB6}.Release|Any CPU.Build.0 = Release|Any CPU
	EndGlobalSection
	GlobalSection(SolutionProperties) = preSolution
		HideSolutionNode = FALSE
	EndGlobalSection
	GlobalSection(ExtensibilityGlobals) = postSolution
		SolutionGuid = {79BE82E3-7460-40E6-86CD-D87C8EF3A7B2}
	EndGlobalSection
EndGlobal
